{
	"SurveyEntry": {
		"SurveyName": "API Test Create Survey"
	},
	"SurveyElements": [{
			"Element": "BL",
			"PrimaryAttribute": "Survey Blocks",
			"SecondaryAttribute": null,
			"TertiaryAttribute": null,
			"Payload": [{
					"Type": "Default",
					"Description": "Default Question Block",
					"BlockElements": [{
						"Type": "Question",
						"QuestionID": "QID2"
					}, {
						"Type": "Question",
						"QuestionID": "QID7"
					}, {
						"Type": "Question",
						"QuestionID": "QID1"
					}, {
						"Type": "Question",
						"QuestionID": "QID3"
					}, {
						"Type": "Question",
						"QuestionID": "QID8"
					}]
				},
				{
					"Type": "Standard",
					"SubType": "",
					"Description": "Block 1"
				}
			]
		}, {
			"Element": "FL",
			"PrimaryAttribute": "Survey Flow",
			"SecondaryAttribute": null,
			"TertiaryAttribute": null,
			"Payload": {
				"Flow": [{
					"Type": "Block",
					"FlowID": "FL_2"
				}, {
					"Type": "Standard",
					"FlowID": "FL_3"
				}],
				"Properties": {
					"Count": 3
				},
				"FlowID": "FL_1",
				"Type": "Root"
			}
		},
		{
			"Element": "SQ",
			"PrimaryAttribute": "QID1",
			"SecondaryAttribute": "-",
			"TertiaryAttribute": null,
			"Payload": {
				"QuestionText": "-",
				"DefaultChoices": false,
				"DataExportTag": "Q1",
				"QuestionType": "CS",
				"Selector": "HBAR",
				"Configuration": {
					"QuestionDescriptionOption": "UseText",
					"CSSliderMin": 0,
					"CSSliderMax": 100,
					"GridLines": 10,
					"NumDecimals": "0",
					"ShowValue": true,
					"CustomStart": false
				},
				"QuestionDescription": "-",
				"Choices": {
					"1": {
						"Display": "Strawberries"
					},
					"2": {
						"Display": "Blueberries"
					}
				},
				"ChoiceOrder": [1, 2],
				"Validation": {
					"Settings": {
						"EnforceRange": null,
						"Type": "ChoicesTotal",
						"ChoiceTotal": "100"
					}
				},
				"GradingData": [],
				"Language": [],
				"NextChoiceId": 3,
				"NextAnswerId": 1,
				"Labels": [],
				"QuestionID": "QID1"
			}
		}, {
			"Element": "SQ",
			"PrimaryAttribute": "QID3",
			"SecondaryAttribute": "-",
			"TertiaryAttribute": null,
			"Payload": {
				"QuestionText": "-",
				"DefaultChoices": false,
				"DataExportTag": "Q3",
				"QuestionType": "CS",
				"Selector": "HSLIDER",
				"Configuration": {
					"QuestionDescriptionOption": "UseText",
					"CSSliderMin": 0,
					"CSSliderMax": 100,
					"GridLines": 10,
					"NumDecimals": "0",
					"ShowValue": true,
					"CustomStart": false
				},
				"QuestionDescription": "-",
				"Choices": {
					"1": {
						"Display": "Strawberries"
					},
					"2": {
						"Display": "Bananas"
					}
				},
				"ChoiceOrder": [1, 2],
				"Validation": {
					"Settings": {
						"EnforceRange": null,
						"Type": "ChoicesTotal",
						"ChoiceTotal": "100"
					}
				},
				"GradingData": [],
				"Language": [],
				"NextChoiceId": 3,
				"NextAnswerId": 1,
				"Labels": [],
				"QuestionID": "QID3"
			}
		}, {
			"Element": "SQ",
			"PrimaryAttribute": "QID8",
			"SecondaryAttribute": "-",
			"TertiaryAttribute": null,
			"Payload": {
				"QuestionText": "-",
				"DefaultChoices": false,
				"DataExportTag": "Q8",
				"QuestionType": "CS",
				"Selector": "VRTL",
				"SubSelector": "TX",
				"Configuration": {
					"QuestionDescriptionOption": "UseText"
				},
				"QuestionDescription": "-",
				"Choices": {
					"1": {
						"Display": "Blueberries"
					},
					"2": {
						"Display": "Bananas"
					}
				},
				"ChoiceOrder": [1, 2],
				"Validation": {
					"Settings": {
						"EnforceRange": "OFF",
						"Type": "ChoicesTotal",
						"ChoiceTotal": "100"
					}
				},
				"GradingData": [],
				"Language": [],
				"NextChoiceId": 3,
				"NextAnswerId": 1,
				"Labels": [],
				"ClarifyingSymbolType": "None",
				"QuestionID": "QID8"
			}
		}, {
			"Element": "SQ",
			"PrimaryAttribute": "QID4",
			"SecondaryAttribute": "Click to write the question text",
			"TertiaryAttribute": null,
			"Payload": {
				"QuestionText": "Click to write the question text",
				"DefaultChoices": false,
				"DataExportTag": "Q4",
				"QuestionType": "SBS",
				"Selector": "SBSMatrix",
				"Configuration": {
					"QuestionDescriptionOption": "UseText",
					"RepeatHeaders": "none"
				},
				"QuestionDescription": "Click to write the question text",
				"Choices": {
					"1": {
						"Display": "Click to write Statement 1"
					},
					"2": {
						"Display": "Click to write Statement 2"
					}
				},
				"ChoiceOrder": [1, 2],
				"Validation": {
					"Settings": {
						"ForceResponse": "OFF",
						"ForceResponseType": "ON",
						"Type": "None"
					}
				},
				"GradingData": [],
				"Language": [],
				"NextChoiceId": 3,
				"NextAnswerId": 2,
				"NumberOfQuestions": 1,
				"AdditionalQuestions": {
					"1": {
						"QuestionText": "Click to write Column 1",
						"Answers": {
							"1": {
								"Display": "Answer 1"
							},
							"2": {
								"Display": "Answer 2"
							}
						},
						"RecodeValues": [],
						"VariableNaming": [],
						"AnalyzeChoices": [],
						"QuestionType": "Matrix",
						"Selector": "Likert",
						"SubSelector": "SingleAnswer",
						"ChoiceColumnWidthPixels": null,
						"DataExportTag": "Q4#1",
						"QuestionID": "QID4#1",
						"Choices": {
							"1": {
								"Display": "Click to write Statement 1"
							},
							"2": {
								"Display": "Click to write Statement 2"
							}
						},
						"ChoiceDataExportTags": false,
						"QuestionDescription": "Click to write Column 1",
						"Configuration": {
							"QuestionDescriptionOption": "UseText"
						}
					}
				},
				"ChoiceDataExportTags": false,
				"QuestionID": "QID4"
			}
		}, {
			"Element": "SQ",
			"PrimaryAttribute": "QID5",
			"SecondaryAttribute": "Click to write the question text",
			"TertiaryAttribute": null,
			"Payload": {
				"QuestionText": "Click to write the question text",
				"DefaultChoices": false,
				"DataExportTag": "Q5",
				"QuestionType": "Slider",
				"Selector": "HBAR",
				"Configuration": {
					"QuestionDescriptionOption": "UseText",
					"CSSliderMin": 0,
					"CSSliderMax": 100,
					"GridLines": 10,
					"NumDecimals": "0",
					"ShowValue": true,
					"CustomStart": false,
					"NotApplicable": false,
					"MobileFirst": true
				},
				"QuestionDescription": "Click to write the question text",
				"Choices": {
					"1": {
						"Display": "Click to write Choice 1"
					},
					"2": {
						"Display": "Click to write Choice 2"
					}
				},
				"ChoiceOrder": [1, 2],
				"Validation": {
					"Settings": {
						"ForceResponse": "OFF",
						"ForceResponseType": "ON",
						"Type": "None"
					}
				},
				"GradingData": [],
				"Language": [],
				"NextChoiceId": 3,
				"NextAnswerId": 1,
				"Labels": [],
				"QuestionID": "QID5"
			}
		}, {
			"Element": "SQ",
			"PrimaryAttribute": "QID6",
			"SecondaryAttribute": "Click to write the question text",
			"TertiaryAttribute": null,
			"Payload": {
				"QuestionText": "Click to write the question text",
				"DefaultChoices": false,
				"DataExportTag": "Q6",
				"QuestionType": "Matrix",
				"Selector": "Bipolar",
				"Configuration": {
					"QuestionDescriptionOption": "UseText",
					"TextPosition": "inline",
					"ChoiceColumnWidth": 25,
					"RepeatHeaders": "none",
					"MobileFirst": true
				},
				"QuestionDescription": "Click to write the question text",
				"Choices": {
					"1": {
						"Display": "Click to write Statement 1:Right",
						"ExclusiveAnswer": false
					},
					"2": {
						"Display": "Click to write Statement 2:Right",
						"ExclusiveAnswer": false
					}
				},
				"ChoiceOrder": [1, 2],
				"Validation": {
					"Settings": {
						"EnforceRange": null,
						"ForceResponse": "OFF",
						"ForceResponseType": "ON",
						"Type": "None"
					}
				},
				"GradingData": [],
				"Language": [],
				"NextChoiceId": 3,
				"NextAnswerId": 11,
				"Answers": {
					"1": {
						"Display": "1",
						"ExclusiveAnswer": false
					},
					"2": {
						"Display": "2",
						"ExclusiveAnswer": false
					},
					"3": {
						"Display": "3"
					},
					"4": {
						"Display": "4"
					},
					"5": {
						"Display": "5"
					},
					"6": {
						"Display": "6"
					},
					"7": {
						"Display": "7"
					},
					"8": {
						"Display": "8"
					},
					"9": {
						"Display": "9"
					},
					"10": {
						"Display": "10"
					}
				},
				"AnswerOrder": [1, 2, 3, 4, 5, 6, 7, 8, 9, 10],
				"ChoiceDataExportTags": false,
				"QuestionID": "QID6",
				"DataVisibility": {
					"Private": false,
					"Hidden": false
				},
				"AnswerColumns": 10
			}
		}, {
			"Element": "RS",
			"PrimaryAttribute": "RS_8nOLjkrk4eIM8p7",
			"SecondaryAttribute": "Default Response Set",
			"TertiaryAttribute": null,
			"Payload": null
		}, {
			"Element": "SQ",
			"PrimaryAttribute": "QID2",
			"SecondaryAttribute": "Please give your judgment for each pair of nodes below toward Criteria:",
			"TertiaryAttribute": null,
			"Payload": {
				"QuestionText": "<span style=\"color: rgb(51, 51, 51); font-family: Arial, Helvetica, sans-serif; font-size: small; background-color: rgb(255, 255, 234);\">Please give your judgment for each pair of nodes below toward Criteria:<\/span>",
				"DefaultChoices": false,
				"DataExportTag": "Q2",
				"QuestionType": "DB",
				"Selector": "TB",
				"Configuration": {
					"QuestionDescriptionOption": "UseText"
				},
				"QuestionDescription": "Please give your judgment for each pair of nodes below toward Criteria:",
				"ChoiceOrder": [],
				"Validation": {
					"Settings": {
						"Type": "None"
					}
				},
				"GradingData": [],
				"Language": [],
				"NextChoiceId": 4,
				"NextAnswerId": 1,
				"QuestionID": "QID2"
			}
		}, {
			"Element": "SQ",
			"PrimaryAttribute": "QID7",
			"SecondaryAttribute": "What type of fruit do you want with breakfast?",
			"TertiaryAttribute": null,
			"Payload": {
				"QuestionText": "What type of fruit do you want with breakfast?",
				"DefaultChoices": false,
				"DataExportTag": "Q7",
				"QuestionType": "DB",
				"Selector": "TB",
				"Configuration": {
					"QuestionDescriptionOption": "UseText"
				},
				"QuestionDescription": "What type of fruit do you want with breakfast?",
				"ChoiceOrder": [],
				"Validation": {
					"Settings": {
						"Type": "None"
					}
				},
				"GradingData": [],
				"Language": [],
				"NextChoiceId": 4,
				"NextAnswerId": 1,
				"QuestionID": "QID7"
			}
		}
	]
}